
Microsoft Visual Studio Solution File, Format Version 12.00
Project("{FAE04EC0-301F-11D3-BF4B-00C04F79EFBC}") = "Manticore", "Manticore\Manticore.csproj", "{C41D4EE3-855F-4640-8EF6-1C8D322C0E1F}"
EndProject
Project("{FAE04EC0-301F-11D3-BF4B-00C04F79EFBC}") = "ThePoint", "ThePoint\ThePoint.csproj", "{3062DFCE-8298-4767-A1FB-65FF69626A97}"
EndProject
Project("{FAE04EC0-301F-11D3-BF4B-00C04F79EFBC}") = "TheColor", "TheColor\TheColor.csproj", "{0736AE78-050E-45CA-B574-2E1E444A845C}"
EndProject
Project("{FAE04EC0-301F-11D3-BF4B-00C04F79EFBC}") = "TheLockedDoor", "TheLockedDoor\TheLockedDoor.csproj", "{F81D994F-4CF7-4FB6-A559-EA2AD983E4C2}"
EndProject
Project("{FAE04EC0-301F-11D3-BF4B-00C04F79EFBC}") = "ThePasswordValidator", "ThePasswordValidator\ThePasswordValidator.csproj", "{3B3E46D4-517F-4EBD-A26E-F25FCDB28BC6}"
EndProject
Project("{FAE04EC0-301F-11D3-BF4B-00C04F79EFBC}") = "RockPaperScissors", "RockPaperScissors\RockPaperScissors.csproj", "{5EFBBD7A-750A-42BF-9FD9-DBC9953A9DA9}"
EndProject
Global
	GlobalSection(SolutionConfigurationPlatforms) = preSolution
		Debug|Any CPU = Debug|Any CPU
		Release|Any CPU = Release|Any CPU
	EndGlobalSection
	GlobalSection(ProjectConfigurationPlatforms) = postSolution
		{C41D4EE3-855F-4640-8EF6-1C8D322C0E1F}.Debug|Any CPU.ActiveCfg = Debug|Any CPU
		{C41D4EE3-855F-4640-8EF6-1C8D322C0E1F}.Debug|Any CPU.Build.0 = Debug|Any CPU
		{C41D4EE3-855F-4640-8EF6-1C8D322C0E1F}.Release|Any CPU.ActiveCfg = Release|Any CPU
		{C41D4EE3-855F-4640-8EF6-1C8D322C0E1F}.Release|Any CPU.Build.0 = Release|Any CPU
		{3062DFCE-8298-4767-A1FB-65FF69626A97}.Debug|Any CPU.ActiveCfg = Debug|Any CPU
		{3062DFCE-8298-4767-A1FB-65FF69626A97}.Debug|Any CPU.Build.0 = Debug|Any CPU
		{3062DFCE-8298-4767-A1FB-65FF69626A97}.Release|Any CPU.ActiveCfg = Release|Any CPU
		{3062DFCE-8298-4767-A1FB-65FF69626A97}.Release|Any CPU.Build.0 = Release|Any CPU
		{0736AE78-050E-45CA-B574-2E1E444A845C}.Debug|Any CPU.ActiveCfg = Debug|Any CPU
		{0736AE78-050E-45CA-B574-2E1E444A845C}.Debug|Any CPU.Build.0 = Debug|Any CPU
		{0736AE78-050E-45CA-B574-2E1E444A845C}.Release|Any CPU.ActiveCfg = Release|Any CPU
		{0736AE78-050E-45CA-B574-2E1E444A845C}.Release|Any CPU.Build.0 = Release|Any CPU
		{F81D994F-4CF7-4FB6-A559-EA2AD983E4C2}.Debug|Any CPU.ActiveCfg = Debug|Any CPU
		{F81D994F-4CF7-4FB6-A559-EA2AD983E4C2}.Debug|Any CPU.Build.0 = Debug|Any CPU
		{F81D994F-4CF7-4FB6-A559-EA2AD983E4C2}.Release|Any CPU.ActiveCfg = Release|Any CPU
		{F81D994F-4CF7-4FB6-A559-EA2AD983E4C2}.Release|Any CPU.Build.0 = Release|Any CPU
		{3B3E46D4-517F-4EBD-A26E-F25FCDB28BC6}.Debug|Any CPU.ActiveCfg = Debug|Any CPU
		{3B3E46D4-517F-4EBD-A26E-F25FCDB28BC6}.Debug|Any CPU.Build.0 = Debug|Any CPU
		{3B3E46D4-517F-4EBD-A26E-F25FCDB28BC6}.Release|Any CPU.ActiveCfg = Release|Any CPU
		{3B3E46D4-517F-4EBD-A26E-F25FCDB28BC6}.Release|Any CPU.Build.0 = Release|Any CPU
		{5EFBBD7A-750A-42BF-9FD9-DBC9953A9DA9}.Debug|Any CPU.ActiveCfg = Debug|Any CPU
		{5EFBBD7A-750A-42BF-9FD9-DBC9953A9DA9}.Debug|Any CPU.Build.0 = Debug|Any CPU
		{5EFBBD7A-750A-42BF-9FD9-DBC9953A9DA9}.Release|Any CPU.ActiveCfg = Release|Any CPU
		{5EFBBD7A-750A-42BF-9FD9-DBC9953A9DA9}.Release|Any CPU.Build.0 = Release|Any CPU
	EndGlobalSection
EndGlobal
